
Microsoft Visual Studio Solution File, Format Version 12.00
# Visual Studio Version 17
VisualStudioVersion = 17.4.33122.133
MinimumVisualStudioVersion = 10.0.40219.1
Project("{9A19103F-16F7-4668-BE54-9A1E7A4F7556}") = "CalculatorTest", "Calculator\CalculatorTest.csproj", "{0794CEF5-A865-4BB5-8BD9-8679D5670444}"
EndProject
Project("{9A19103F-16F7-4668-BE54-9A1E7A4F7556}") = "Domain", "Domain\Domain.csproj", "{CA68DF97-3CAF-4180-8FF5-35541518C94C}"
EndProject
Project("{9A19103F-16F7-4668-BE54-9A1E7A4F7556}") = "Web", "Web\Web.csproj", "{11CF4906-19D7-4DA0-975D-11316E7B44D1}"
EndProject
Project("{FAE04EC0-301F-11D3-BF4B-00C04F79EFBC}") = "Flight", "Flight\Flight.csproj", "{EA4A853F-6663-49CC-9B83-C3DA3F59C5D0}"
EndProject
Global
	GlobalSection(SolutionConfigurationPlatforms) = preSolution
		Debug|Any CPU = Debug|Any CPU
		Release|Any CPU = Release|Any CPU
	EndGlobalSection
	GlobalSection(ProjectConfigurationPlatforms) = postSolution
		{0794CEF5-A865-4BB5-8BD9-8679D5670444}.Debug|Any CPU.ActiveCfg = Debug|Any CPU
		{0794CEF5-A865-4BB5-8BD9-8679D5670444}.Debug|Any CPU.Build.0 = Debug|Any CPU
		{0794CEF5-A865-4BB5-8BD9-8679D5670444}.Release|Any CPU.ActiveCfg = Release|Any CPU
		{0794CEF5-A865-4BB5-8BD9-8679D5670444}.Release|Any CPU.Build.0 = Release|Any CPU
		{CA68DF97-3CAF-4180-8FF5-35541518C94C}.Debug|Any CPU.ActiveCfg = Debug|Any CPU
		{CA68DF97-3CAF-4180-8FF5-35541518C94C}.Debug|Any CPU.Build.0 = Debug|Any CPU
		{CA68DF97-3CAF-4180-8FF5-35541518C94C}.Release|Any CPU.ActiveCfg = Release|Any CPU
		{CA68DF97-3CAF-4180-8FF5-35541518C94C}.Release|Any CPU.Build.0 = Release|Any CPU
		{11CF4906-19D7-4DA0-975D-11316E7B44D1}.Debug|Any CPU.ActiveCfg = Debug|Any CPU
		{11CF4906-19D7-4DA0-975D-11316E7B44D1}.Debug|Any CPU.Build.0 = Debug|Any CPU
		{11CF4906-19D7-4DA0-975D-11316E7B44D1}.Release|Any CPU.ActiveCfg = Release|Any CPU
		{11CF4906-19D7-4DA0-975D-11316E7B44D1}.Release|Any CPU.Build.0 = Release|Any CPU
		{EA4A853F-6663-49CC-9B83-C3DA3F59C5D0}.Debug|Any CPU.ActiveCfg = Debug|Any CPU
		{EA4A853F-6663-49CC-9B83-C3DA3F59C5D0}.Debug|Any CPU.Build.0 = Debug|Any CPU
		{EA4A853F-6663-49CC-9B83-C3DA3F59C5D0}.Release|Any CPU.ActiveCfg = Release|Any CPU
		{EA4A853F-6663-49CC-9B83-C3DA3F59C5D0}.Release|Any CPU.Build.0 = Release|Any CPU
	EndGlobalSection
	GlobalSection(SolutionProperties) = preSolution
		HideSolutionNode = FALSE
	EndGlobalSection
	GlobalSection(ExtensibilityGlobals) = postSolution
		SolutionGuid = {908BB4BF-BF2E-4FB7-A715-3A151FB96D13}
	EndGlobalSection
EndGlobal
